
Microsoft Visual Studio Solution File, Format Version 12.00
# Visual Studio Version 17
VisualStudioVersion = 17.5.002.0
MinimumVisualStudioVersion = 10.0.40219.1
Project("{9A19103F-16F7-4668-BE54-9A1E7A4F7556}") = "ContosoRecipes", "ContosoRecipes.csproj", "{9531BA45-8281-4740-9474-6551E967DAD4}"
EndProject
Global
	GlobalSection(SolutionConfigurationPlatforms) = preSolution
		Debug|Any CPU = Debug|Any CPU
		Release|Any CPU = Release|Any CPU
	EndGlobalSection
	GlobalSection(ProjectConfigurationPlatforms) = postSolution
		{9531BA45-8281-4740-9474-6551E967DAD4}.Debug|Any CPU.ActiveCfg = Debug|Any CPU
		{9531BA45-8281-4740-9474-6551E967DAD4}.Debug|Any CPU.Build.0 = Debug|Any CPU
		{9531BA45-8281-4740-9474-6551E967DAD4}.Release|Any CPU.ActiveCfg = Release|Any CPU
		{9531BA45-8281-4740-9474-6551E967DAD4}.Release|Any CPU.Build.0 = Release|Any CPU
	EndGlobalSection
	GlobalSection(SolutionProperties) = preSolution
		HideSolutionNode = FALSE
	EndGlobalSection
	GlobalSection(ExtensibilityGlobals) = postSolution
		SolutionGuid = {F7FAC958-831B-465E-A877-236E6C6ED0E7}
	EndGlobalSection
EndGlobal
